
Microsoft Visual Studio Solution File, Format Version 12.00
# Visual Studio 15
VisualStudioVersion = 15.0.28307.106
MinimumVisualStudioVersion = 10.0.40219.1
Project("{FAE04EC0-301F-11D3-BF4B-00C04F79EFBC}") = "AjaxMVCTest1", "AjaxMVCTest1\AjaxMVCTest1.csproj", "{0679E4CA-EF86-4AEE-ADA6-DC7ACCA72F83}"
EndProject
Global
	GlobalSection(SolutionConfigurationPlatforms) = preSolution
		Debug|Any CPU = Debug|Any CPU
		Release|Any CPU = Release|Any CPU
	EndGlobalSection
	GlobalSection(ProjectConfigurationPlatforms) = postSolution
		{0679E4CA-EF86-4AEE-ADA6-DC7ACCA72F83}.Debug|Any CPU.ActiveCfg = Debug|Any CPU
		{0679E4CA-EF86-4AEE-ADA6-DC7ACCA72F83}.Debug|Any CPU.Build.0 = Debug|Any CPU
		{0679E4CA-EF86-4AEE-ADA6-DC7ACCA72F83}.Release|Any CPU.ActiveCfg = Release|Any CPU
		{0679E4CA-EF86-4AEE-ADA6-DC7ACCA72F83}.Release|Any CPU.Build.0 = Release|Any CPU
	EndGlobalSection
	GlobalSection(SolutionProperties) = preSolution
		HideSolutionNode = FALSE
	EndGlobalSection
	GlobalSection(ExtensibilityGlobals) = postSolution
		SolutionGuid = {561F44CE-FF58-418B-B90C-C00145473A87}
	EndGlobalSection
EndGlobal
